{
  "object": {
    "pins": [
      {
        "package": "AEPAnalytics",
        "repositoryURL": "https://github.com/adobe/aepsdk-analytics-ios.git",
        "state": {
          "branch": null,
          "revision": "3540865cbeaa13d90b1a4307e6b3bd0ac30d1974",
          "version": "3.2.0"
        }
      },
      {
        "package": "AEPCore",
        "repositoryURL": "https://github.com/adobe/aepsdk-core-ios.git",
        "state": {
          "branch": null,
          "revision": "7d2b56eea0ca0c47ecd7950782a26cbd30162dfb",
          "version": "3.8.2"
        }
      },
      {
        "package": "AEPMedia",
        "repositoryURL": "https://github.com/adobe/aepsdk-media-ios.git",
        "state": {
          "branch": null,
          "revision": "11f53abacdd8bf54267426225e3f4d1b19ed5f3d",
          "version": "3.1.0"
        }
      },
      {
        "package": "AEPRulesEngine",
        "repositoryURL": "https://github.com/adobe/aepsdk-rulesengine-ios.git",
        "state": {
          "branch": null,
          "revision": "583a8e6d060c0437fa5e40b1367d382b64a96f04",
          "version": "1.2.3"
        }
      },
      {
        "package": "Segment",
        "repositoryURL": "https://github.com/segmentio/analytics-swift.git",
        "state": {
          "branch": null,
          "revision": "79fb17a5d4abf8f80e6a0935e57c7df7b670a6c0",
          "version": "1.4.1"
        }
      },
      {
        "package": "Sovran",
        "repositoryURL": "https://github.com/segmentio/Sovran-Swift.git",
        "state": {
          "branch": null,
          "revision": "944c17d7c46bd95fc37f09136cabd172be5b413b",
          "version": "1.0.3"
        }
      }
    ]
  },
  "version": 1
}
